
Microsoft Visual Studio Solution File, Format Version 11.00
# Visual Studio 2010
Project("{FAE04EC0-301F-11D3-BF4B-00C04F79EFBC}") = "DDay.iCal.Test.iOS", "DDay.iCal.Test.iOS\DDay.iCal.Test.iOS.csproj", "{2A200FD8-9A40-4F17-8754-43C8D3AB0C16}"
EndProject
Project("{FAE04EC0-301F-11D3-BF4B-00C04F79EFBC}") = "DDay.iCal.Test.Android", "DDay.iCal.Test.Android\DDay.iCal.Test.Android.csproj", "{F7BA7D6E-2CFC-4297-99A8-9D02B37EC2A4}"
EndProject
Project("{FAE04EC0-301F-11D3-BF4B-00C04F79EFBC}") = "DDay.Collections.Test.iOS", "DDay.Collections.Test.iOS\DDay.Collections.Test.iOS.csproj", "{A645FBB9-4A4E-4F22-8ABC-6F7B0A6EC490}"
EndProject
Project("{FAE04EC0-301F-11D3-BF4B-00C04F79EFBC}") = "DDay.Collections.Test.Android", "DDay.Collections.Test.Android\DDay.Collections.Test.Android.csproj", "{9B9AF626-03AB-41A1-8252-9A7461F01886}"
EndProject
Project("{FAE04EC0-301F-11D3-BF4B-00C04F79EFBC}") = "antlr.runtime.Android", "antlr.runtime.Android\antlr.runtime.Android.csproj", "{1923FB99-0E59-4774-8AA9-C14B9BC3F655}"
EndProject
Project("{FAE04EC0-301F-11D3-BF4B-00C04F79EFBC}") = "DDay.Collections.Android", "DDay.Collections.Android\DDay.Collections.Android.csproj", "{B1C25481-681E-4D29-86B0-81F8FE327E0B}"
EndProject
Project("{FAE04EC0-301F-11D3-BF4B-00C04F79EFBC}") = "DDay.iCal.Android", "DDay.iCal.Android\DDay.iCal.Android.csproj", "{7CDD1BB5-9CD8-421B-8BC9-89F335170BBB}"
EndProject
Project("{FAE04EC0-301F-11D3-BF4B-00C04F79EFBC}") = "antlr.runtime.iOS", "antlr.runtime.iOS\antlr.runtime.iOS.csproj", "{3043ADD2-B6EF-4392-B5E4-983B63260039}"
EndProject
Project("{FAE04EC0-301F-11D3-BF4B-00C04F79EFBC}") = "DDay.Collections.iOS", "DDay.Collections.iOS\DDay.Collections.iOS.csproj", "{B7EE901B-1302-42C7-98D1-18666CB7D6DC}"
EndProject
Project("{FAE04EC0-301F-11D3-BF4B-00C04F79EFBC}") = "DDay.iCal.iOS", "DDay.iCal.iOS\DDay.iCal.iOS.csproj", "{1B095A78-F50A-449F-A3C4-D5662AD32717}"
EndProject
Global
	GlobalSection(SolutionConfigurationPlatforms) = preSolution
		Debug|Any CPU = Debug|Any CPU
		Debug|Mixed Platforms = Debug|Mixed Platforms
		Debug|x86 = Debug|x86
		Release|Any CPU = Release|Any CPU
		Release|Mixed Platforms = Release|Mixed Platforms
		Release|x86 = Release|x86
		Debug|iPhoneSimulator = Debug|iPhoneSimulator
		Release|iPhoneSimulator = Release|iPhoneSimulator
		Debug|iPhone = Debug|iPhone
		Release|iPhone = Release|iPhone
		Ad-Hoc|iPhone = Ad-Hoc|iPhone
		AppStore|iPhone = AppStore|iPhone
	EndGlobalSection
	GlobalSection(ProjectConfigurationPlatforms) = postSolution
		{1923FB99-0E59-4774-8AA9-C14B9BC3F655}.Ad-Hoc|iPhone.ActiveCfg = Release|Any CPU
		{1923FB99-0E59-4774-8AA9-C14B9BC3F655}.Ad-Hoc|iPhone.Build.0 = Release|Any CPU
		{1923FB99-0E59-4774-8AA9-C14B9BC3F655}.AppStore|iPhone.ActiveCfg = Release|Any CPU
		{1923FB99-0E59-4774-8AA9-C14B9BC3F655}.AppStore|iPhone.Build.0 = Release|Any CPU
		{1923FB99-0E59-4774-8AA9-C14B9BC3F655}.Debug|Any CPU.ActiveCfg = Debug|Any CPU
		{1923FB99-0E59-4774-8AA9-C14B9BC3F655}.Debug|Any CPU.Build.0 = Debug|Any CPU
		{1923FB99-0E59-4774-8AA9-C14B9BC3F655}.Debug|iPhone.ActiveCfg = Debug|Any CPU
		{1923FB99-0E59-4774-8AA9-C14B9BC3F655}.Debug|iPhone.Build.0 = Debug|Any CPU
		{1923FB99-0E59-4774-8AA9-C14B9BC3F655}.Debug|iPhoneSimulator.ActiveCfg = Debug|Any CPU
		{1923FB99-0E59-4774-8AA9-C14B9BC3F655}.Debug|iPhoneSimulator.Build.0 = Debug|Any CPU
		{1923FB99-0E59-4774-8AA9-C14B9BC3F655}.Debug|Mixed Platforms.ActiveCfg = Debug|Any CPU
		{1923FB99-0E59-4774-8AA9-C14B9BC3F655}.Debug|Mixed Platforms.Build.0 = Debug|Any CPU
		{1923FB99-0E59-4774-8AA9-C14B9BC3F655}.Debug|x86.ActiveCfg = Debug|Any CPU
		{1923FB99-0E59-4774-8AA9-C14B9BC3F655}.Debug|x86.Build.0 = Debug|Any CPU
		{1923FB99-0E59-4774-8AA9-C14B9BC3F655}.Release|Any CPU.ActiveCfg = Release|Any CPU
		{1923FB99-0E59-4774-8AA9-C14B9BC3F655}.Release|Any CPU.Build.0 = Release|Any CPU
		{1923FB99-0E59-4774-8AA9-C14B9BC3F655}.Release|iPhone.ActiveCfg = Release|Any CPU
		{1923FB99-0E59-4774-8AA9-C14B9BC3F655}.Release|iPhone.Build.0 = Release|Any CPU
		{1923FB99-0E59-4774-8AA9-C14B9BC3F655}.Release|iPhoneSimulator.ActiveCfg = Release|Any CPU
		{1923FB99-0E59-4774-8AA9-C14B9BC3F655}.Release|iPhoneSimulator.Build.0 = Release|Any CPU
		{1923FB99-0E59-4774-8AA9-C14B9BC3F655}.Release|Mixed Platforms.ActiveCfg = Release|Any CPU
		{1923FB99-0E59-4774-8AA9-C14B9BC3F655}.Release|Mixed Platforms.Build.0 = Release|Any CPU
		{1923FB99-0E59-4774-8AA9-C14B9BC3F655}.Release|x86.ActiveCfg = Release|Any CPU
		{1923FB99-0E59-4774-8AA9-C14B9BC3F655}.Release|x86.Build.0 = Release|Any CPU
		{1B095A78-F50A-449F-A3C4-D5662AD32717}.Ad-Hoc|iPhone.ActiveCfg = Release|Any CPU
		{1B095A78-F50A-449F-A3C4-D5662AD32717}.Ad-Hoc|iPhone.Build.0 = Release|Any CPU
		{1B095A78-F50A-449F-A3C4-D5662AD32717}.AppStore|iPhone.ActiveCfg = Release|Any CPU
		{1B095A78-F50A-449F-A3C4-D5662AD32717}.AppStore|iPhone.Build.0 = Release|Any CPU
		{1B095A78-F50A-449F-A3C4-D5662AD32717}.Debug|Any CPU.ActiveCfg = Debug|Any CPU
		{1B095A78-F50A-449F-A3C4-D5662AD32717}.Debug|Any CPU.Build.0 = Debug|Any CPU
		{1B095A78-F50A-449F-A3C4-D5662AD32717}.Debug|iPhone.ActiveCfg = Debug|Any CPU
		{1B095A78-F50A-449F-A3C4-D5662AD32717}.Debug|iPhone.Build.0 = Debug|Any CPU
		{1B095A78-F50A-449F-A3C4-D5662AD32717}.Debug|iPhoneSimulator.ActiveCfg = Debug|Any CPU
		{1B095A78-F50A-449F-A3C4-D5662AD32717}.Debug|iPhoneSimulator.Build.0 = Debug|Any CPU
		{1B095A78-F50A-449F-A3C4-D5662AD32717}.Debug|Mixed Platforms.ActiveCfg = Debug|Any CPU
		{1B095A78-F50A-449F-A3C4-D5662AD32717}.Debug|Mixed Platforms.Build.0 = Debug|Any CPU
		{1B095A78-F50A-449F-A3C4-D5662AD32717}.Debug|x86.ActiveCfg = Debug|Any CPU
		{1B095A78-F50A-449F-A3C4-D5662AD32717}.Debug|x86.Build.0 = Debug|Any CPU
		{1B095A78-F50A-449F-A3C4-D5662AD32717}.Release|Any CPU.ActiveCfg = Release|Any CPU
		{1B095A78-F50A-449F-A3C4-D5662AD32717}.Release|Any CPU.Build.0 = Release|Any CPU
		{1B095A78-F50A-449F-A3C4-D5662AD32717}.Release|iPhone.ActiveCfg = Release|Any CPU
		{1B095A78-F50A-449F-A3C4-D5662AD32717}.Release|iPhone.Build.0 = Release|Any CPU
		{1B095A78-F50A-449F-A3C4-D5662AD32717}.Release|iPhoneSimulator.ActiveCfg = Release|Any CPU
		{1B095A78-F50A-449F-A3C4-D5662AD32717}.Release|iPhoneSimulator.Build.0 = Release|Any CPU
		{1B095A78-F50A-449F-A3C4-D5662AD32717}.Release|Mixed Platforms.ActiveCfg = Release|Any CPU
		{1B095A78-F50A-449F-A3C4-D5662AD32717}.Release|Mixed Platforms.Build.0 = Release|Any CPU
		{1B095A78-F50A-449F-A3C4-D5662AD32717}.Release|x86.ActiveCfg = Release|Any CPU
		{1B095A78-F50A-449F-A3C4-D5662AD32717}.Release|x86.Build.0 = Release|Any CPU
		{2A200FD8-9A40-4F17-8754-43C8D3AB0C16}.Ad-Hoc|iPhone.ActiveCfg = Ad-Hoc|iPhone
		{2A200FD8-9A40-4F17-8754-43C8D3AB0C16}.Ad-Hoc|iPhone.Build.0 = Ad-Hoc|iPhone
		{2A200FD8-9A40-4F17-8754-43C8D3AB0C16}.AppStore|iPhone.ActiveCfg = AppStore|iPhone
		{2A200FD8-9A40-4F17-8754-43C8D3AB0C16}.AppStore|iPhone.Build.0 = AppStore|iPhone
		{2A200FD8-9A40-4F17-8754-43C8D3AB0C16}.Debug|Any CPU.ActiveCfg = Debug|iPhoneSimulator
		{2A200FD8-9A40-4F17-8754-43C8D3AB0C16}.Debug|Any CPU.Build.0 = Debug|iPhoneSimulator
		{2A200FD8-9A40-4F17-8754-43C8D3AB0C16}.Debug|iPhone.ActiveCfg = Debug|iPhone
		{2A200FD8-9A40-4F17-8754-43C8D3AB0C16}.Debug|iPhone.Build.0 = Debug|iPhone
		{2A200FD8-9A40-4F17-8754-43C8D3AB0C16}.Debug|iPhoneSimulator.ActiveCfg = Debug|iPhoneSimulator
		{2A200FD8-9A40-4F17-8754-43C8D3AB0C16}.Debug|iPhoneSimulator.Build.0 = Debug|iPhoneSimulator
		{2A200FD8-9A40-4F17-8754-43C8D3AB0C16}.Debug|Mixed Platforms.ActiveCfg = Debug|iPhoneSimulator
		{2A200FD8-9A40-4F17-8754-43C8D3AB0C16}.Debug|Mixed Platforms.Build.0 = Debug|iPhoneSimulator
		{2A200FD8-9A40-4F17-8754-43C8D3AB0C16}.Debug|x86.ActiveCfg = Debug|iPhoneSimulator
		{2A200FD8-9A40-4F17-8754-43C8D3AB0C16}.Debug|x86.Build.0 = Debug|iPhoneSimulator
		{2A200FD8-9A40-4F17-8754-43C8D3AB0C16}.Release|Any CPU.ActiveCfg = Release|iPhoneSimulator
		{2A200FD8-9A40-4F17-8754-43C8D3AB0C16}.Release|Any CPU.Build.0 = Release|iPhoneSimulator
		{2A200FD8-9A40-4F17-8754-43C8D3AB0C16}.Release|iPhone.ActiveCfg = Release|iPhone
		{2A200FD8-9A40-4F17-8754-43C8D3AB0C16}.Release|iPhone.Build.0 = Release|iPhone
		{2A200FD8-9A40-4F17-8754-43C8D3AB0C16}.Release|iPhoneSimulator.ActiveCfg = Release|iPhoneSimulator
		{2A200FD8-9A40-4F17-8754-43C8D3AB0C16}.Release|iPhoneSimulator.Build.0 = Release|iPhoneSimulator
		{2A200FD8-9A40-4F17-8754-43C8D3AB0C16}.Release|Mixed Platforms.ActiveCfg = Release|iPhoneSimulator
		{2A200FD8-9A40-4F17-8754-43C8D3AB0C16}.Release|Mixed Platforms.Build.0 = Release|iPhoneSimulator
		{2A200FD8-9A40-4F17-8754-43C8D3AB0C16}.Release|x86.ActiveCfg = Release|iPhoneSimulator
		{2A200FD8-9A40-4F17-8754-43C8D3AB0C16}.Release|x86.Build.0 = Release|iPhoneSimulator
		{3043ADD2-B6EF-4392-B5E4-983B63260039}.Ad-Hoc|iPhone.ActiveCfg = Release|Any CPU
		{3043ADD2-B6EF-4392-B5E4-983B63260039}.Ad-Hoc|iPhone.Build.0 = Release|Any CPU
		{3043ADD2-B6EF-4392-B5E4-983B63260039}.AppStore|iPhone.ActiveCfg = Release|Any CPU
		{3043ADD2-B6EF-4392-B5E4-983B63260039}.AppStore|iPhone.Build.0 = Release|Any CPU
		{3043ADD2-B6EF-4392-B5E4-983B63260039}.Debug|Any CPU.ActiveCfg = Debug|Any CPU
		{3043ADD2-B6EF-4392-B5E4-983B63260039}.Debug|Any CPU.Build.0 = Debug|Any CPU
		{3043ADD2-B6EF-4392-B5E4-983B63260039}.Debug|iPhone.ActiveCfg = Debug|Any CPU
		{3043ADD2-B6EF-4392-B5E4-983B63260039}.Debug|iPhone.Build.0 = Debug|Any CPU
		{3043ADD2-B6EF-4392-B5E4-983B63260039}.Debug|iPhoneSimulator.ActiveCfg = Debug|Any CPU
		{3043ADD2-B6EF-4392-B5E4-983B63260039}.Debug|iPhoneSimulator.Build.0 = Debug|Any CPU
		{3043ADD2-B6EF-4392-B5E4-983B63260039}.Debug|Mixed Platforms.ActiveCfg = Debug|Any CPU
		{3043ADD2-B6EF-4392-B5E4-983B63260039}.Debug|Mixed Platforms.Build.0 = Debug|Any CPU
		{3043ADD2-B6EF-4392-B5E4-983B63260039}.Debug|x86.ActiveCfg = Debug|Any CPU
		{3043ADD2-B6EF-4392-B5E4-983B63260039}.Debug|x86.Build.0 = Debug|Any CPU
		{3043ADD2-B6EF-4392-B5E4-983B63260039}.Release|Any CPU.ActiveCfg = Release|Any CPU
		{3043ADD2-B6EF-4392-B5E4-983B63260039}.Release|Any CPU.Build.0 = Release|Any CPU
		{3043ADD2-B6EF-4392-B5E4-983B63260039}.Release|iPhone.ActiveCfg = Release|Any CPU
		{3043ADD2-B6EF-4392-B5E4-983B63260039}.Release|iPhone.Build.0 = Release|Any CPU
		{3043ADD2-B6EF-4392-B5E4-983B63260039}.Release|iPhoneSimulator.ActiveCfg = Release|Any CPU
		{3043ADD2-B6EF-4392-B5E4-983B63260039}.Release|iPhoneSimulator.Build.0 = Release|Any CPU
		{3043ADD2-B6EF-4392-B5E4-983B63260039}.Release|Mixed Platforms.ActiveCfg = Release|Any CPU
		{3043ADD2-B6EF-4392-B5E4-983B63260039}.Release|Mixed Platforms.Build.0 = Release|Any CPU
		{3043ADD2-B6EF-4392-B5E4-983B63260039}.Release|x86.ActiveCfg = Release|Any CPU
		{3043ADD2-B6EF-4392-B5E4-983B63260039}.Release|x86.Build.0 = Release|Any CPU
		{7CDD1BB5-9CD8-421B-8BC9-89F335170BBB}.Ad-Hoc|iPhone.ActiveCfg = Release|Any CPU
		{7CDD1BB5-9CD8-421B-8BC9-89F335170BBB}.Ad-Hoc|iPhone.Build.0 = Release|Any CPU
		{7CDD1BB5-9CD8-421B-8BC9-89F335170BBB}.AppStore|iPhone.ActiveCfg = Release|Any CPU
		{7CDD1BB5-9CD8-421B-8BC9-89F335170BBB}.AppStore|iPhone.Build.0 = Release|Any CPU
		{7CDD1BB5-9CD8-421B-8BC9-89F335170BBB}.Debug|Any CPU.ActiveCfg = Debug|Any CPU
		{7CDD1BB5-9CD8-421B-8BC9-89F335170BBB}.Debug|Any CPU.Build.0 = Debug|Any CPU
		{7CDD1BB5-9CD8-421B-8BC9-89F335170BBB}.Debug|iPhone.ActiveCfg = Debug|Any CPU
		{7CDD1BB5-9CD8-421B-8BC9-89F335170BBB}.Debug|iPhone.Build.0 = Debug|Any CPU
		{7CDD1BB5-9CD8-421B-8BC9-89F335170BBB}.Debug|iPhoneSimulator.ActiveCfg = Debug|Any CPU
		{7CDD1BB5-9CD8-421B-8BC9-89F335170BBB}.Debug|iPhoneSimulator.Build.0 = Debug|Any CPU
		{7CDD1BB5-9CD8-421B-8BC9-89F335170BBB}.Debug|Mixed Platforms.ActiveCfg = Debug|Any CPU
		{7CDD1BB5-9CD8-421B-8BC9-89F335170BBB}.Debug|Mixed Platforms.Build.0 = Debug|Any CPU
		{7CDD1BB5-9CD8-421B-8BC9-89F335170BBB}.Debug|x86.ActiveCfg = Debug|Any CPU
		{7CDD1BB5-9CD8-421B-8BC9-89F335170BBB}.Debug|x86.Build.0 = Debug|Any CPU
		{7CDD1BB5-9CD8-421B-8BC9-89F335170BBB}.Release|Any CPU.ActiveCfg = Release|Any CPU
		{7CDD1BB5-9CD8-421B-8BC9-89F335170BBB}.Release|Any CPU.Build.0 = Release|Any CPU
		{7CDD1BB5-9CD8-421B-8BC9-89F335170BBB}.Release|iPhone.ActiveCfg = Release|Any CPU
		{7CDD1BB5-9CD8-421B-8BC9-89F335170BBB}.Release|iPhone.Build.0 = Release|Any CPU
		{7CDD1BB5-9CD8-421B-8BC9-89F335170BBB}.Release|iPhoneSimulator.ActiveCfg = Release|Any CPU
		{7CDD1BB5-9CD8-421B-8BC9-89F335170BBB}.Release|iPhoneSimulator.Build.0 = Release|Any CPU
		{7CDD1BB5-9CD8-421B-8BC9-89F335170BBB}.Release|Mixed Platforms.ActiveCfg = Release|Any CPU
		{7CDD1BB5-9CD8-421B-8BC9-89F335170BBB}.Release|Mixed Platforms.Build.0 = Release|Any CPU
		{7CDD1BB5-9CD8-421B-8BC9-89F335170BBB}.Release|x86.ActiveCfg = Release|Any CPU
		{7CDD1BB5-9CD8-421B-8BC9-89F335170BBB}.Release|x86.Build.0 = Release|Any CPU
		{9B9AF626-03AB-41A1-8252-9A7461F01886}.Ad-Hoc|iPhone.ActiveCfg = Release|Any CPU
		{9B9AF626-03AB-41A1-8252-9A7461F01886}.Ad-Hoc|iPhone.Build.0 = Release|Any CPU
		{9B9AF626-03AB-41A1-8252-9A7461F01886}.AppStore|iPhone.ActiveCfg = Release|Any CPU
		{9B9AF626-03AB-41A1-8252-9A7461F01886}.AppStore|iPhone.Build.0 = Release|Any CPU
		{9B9AF626-03AB-41A1-8252-9A7461F01886}.Debug|Any CPU.ActiveCfg = Debug|Any CPU
		{9B9AF626-03AB-41A1-8252-9A7461F01886}.Debug|Any CPU.Build.0 = Debug|Any CPU
		{9B9AF626-03AB-41A1-8252-9A7461F01886}.Debug|iPhone.ActiveCfg = Debug|Any CPU
		{9B9AF626-03AB-41A1-8252-9A7461F01886}.Debug|iPhone.Build.0 = Debug|Any CPU
		{9B9AF626-03AB-41A1-8252-9A7461F01886}.Debug|iPhoneSimulator.ActiveCfg = Debug|Any CPU
		{9B9AF626-03AB-41A1-8252-9A7461F01886}.Debug|iPhoneSimulator.Build.0 = Debug|Any CPU
		{9B9AF626-03AB-41A1-8252-9A7461F01886}.Debug|Mixed Platforms.ActiveCfg = Debug|Any CPU
		{9B9AF626-03AB-41A1-8252-9A7461F01886}.Debug|Mixed Platforms.Build.0 = Debug|Any CPU
		{9B9AF626-03AB-41A1-8252-9A7461F01886}.Debug|x86.ActiveCfg = Debug|Any CPU
		{9B9AF626-03AB-41A1-8252-9A7461F01886}.Debug|x86.Build.0 = Debug|Any CPU
		{9B9AF626-03AB-41A1-8252-9A7461F01886}.Release|Any CPU.ActiveCfg = Release|Any CPU
		{9B9AF626-03AB-41A1-8252-9A7461F01886}.Release|Any CPU.Build.0 = Release|Any CPU
		{9B9AF626-03AB-41A1-8252-9A7461F01886}.Release|iPhone.ActiveCfg = Release|Any CPU
		{9B9AF626-03AB-41A1-8252-9A7461F01886}.Release|iPhone.Build.0 = Release|Any CPU
		{9B9AF626-03AB-41A1-8252-9A7461F01886}.Release|iPhoneSimulator.ActiveCfg = Release|Any CPU
		{9B9AF626-03AB-41A1-8252-9A7461F01886}.Release|iPhoneSimulator.Build.0 = Release|Any CPU
		{9B9AF626-03AB-41A1-8252-9A7461F01886}.Release|Mixed Platforms.ActiveCfg = Release|Any CPU
		{9B9AF626-03AB-41A1-8252-9A7461F01886}.Release|Mixed Platforms.Build.0 = Release|Any CPU
		{9B9AF626-03AB-41A1-8252-9A7461F01886}.Release|x86.ActiveCfg = Release|Any CPU
		{9B9AF626-03AB-41A1-8252-9A7461F01886}.Release|x86.Build.0 = Release|Any CPU
		{A645FBB9-4A4E-4F22-8ABC-6F7B0A6EC490}.Ad-Hoc|iPhone.ActiveCfg = Ad-Hoc|iPhone
		{A645FBB9-4A4E-4F22-8ABC-6F7B0A6EC490}.Ad-Hoc|iPhone.Build.0 = Ad-Hoc|iPhone
		{A645FBB9-4A4E-4F22-8ABC-6F7B0A6EC490}.AppStore|iPhone.ActiveCfg = AppStore|iPhone
		{A645FBB9-4A4E-4F22-8ABC-6F7B0A6EC490}.AppStore|iPhone.Build.0 = AppStore|iPhone
		{A645FBB9-4A4E-4F22-8ABC-6F7B0A6EC490}.Debug|Any CPU.ActiveCfg = Debug|iPhoneSimulator
		{A645FBB9-4A4E-4F22-8ABC-6F7B0A6EC490}.Debug|Any CPU.Build.0 = Debug|iPhoneSimulator
		{A645FBB9-4A4E-4F22-8ABC-6F7B0A6EC490}.Debug|iPhone.ActiveCfg = Debug|iPhone
		{A645FBB9-4A4E-4F22-8ABC-6F7B0A6EC490}.Debug|iPhone.Build.0 = Debug|iPhone
		{A645FBB9-4A4E-4F22-8ABC-6F7B0A6EC490}.Debug|iPhoneSimulator.ActiveCfg = Debug|iPhoneSimulator
		{A645FBB9-4A4E-4F22-8ABC-6F7B0A6EC490}.Debug|iPhoneSimulator.Build.0 = Debug|iPhoneSimulator
		{A645FBB9-4A4E-4F22-8ABC-6F7B0A6EC490}.Debug|Mixed Platforms.ActiveCfg = Debug|iPhoneSimulator
		{A645FBB9-4A4E-4F22-8ABC-6F7B0A6EC490}.Debug|Mixed Platforms.Build.0 = Debug|iPhoneSimulator
		{A645FBB9-4A4E-4F22-8ABC-6F7B0A6EC490}.Debug|x86.ActiveCfg = Debug|iPhoneSimulator
		{A645FBB9-4A4E-4F22-8ABC-6F7B0A6EC490}.Debug|x86.Build.0 = Debug|iPhoneSimulator
		{A645FBB9-4A4E-4F22-8ABC-6F7B0A6EC490}.Release|Any CPU.ActiveCfg = Release|iPhoneSimulator
		{A645FBB9-4A4E-4F22-8ABC-6F7B0A6EC490}.Release|Any CPU.Build.0 = Release|iPhoneSimulator
		{A645FBB9-4A4E-4F22-8ABC-6F7B0A6EC490}.Release|iPhone.ActiveCfg = Release|iPhone
		{A645FBB9-4A4E-4F22-8ABC-6F7B0A6EC490}.Release|iPhone.Build.0 = Release|iPhone
		{A645FBB9-4A4E-4F22-8ABC-6F7B0A6EC490}.Release|iPhoneSimulator.ActiveCfg = Release|iPhoneSimulator
		{A645FBB9-4A4E-4F22-8ABC-6F7B0A6EC490}.Release|iPhoneSimulator.Build.0 = Release|iPhoneSimulator
		{A645FBB9-4A4E-4F22-8ABC-6F7B0A6EC490}.Release|Mixed Platforms.ActiveCfg = Release|iPhoneSimulator
		{A645FBB9-4A4E-4F22-8ABC-6F7B0A6EC490}.Release|Mixed Platforms.Build.0 = Release|iPhoneSimulator
		{A645FBB9-4A4E-4F22-8ABC-6F7B0A6EC490}.Release|x86.ActiveCfg = Release|iPhoneSimulator
		{A645FBB9-4A4E-4F22-8ABC-6F7B0A6EC490}.Release|x86.Build.0 = Release|iPhoneSimulator
		{B1C25481-681E-4D29-86B0-81F8FE327E0B}.Ad-Hoc|iPhone.ActiveCfg = Release|Any CPU
		{B1C25481-681E-4D29-86B0-81F8FE327E0B}.Ad-Hoc|iPhone.Build.0 = Release|Any CPU
		{B1C25481-681E-4D29-86B0-81F8FE327E0B}.AppStore|iPhone.ActiveCfg = Release|Any CPU
		{B1C25481-681E-4D29-86B0-81F8FE327E0B}.AppStore|iPhone.Build.0 = Release|Any CPU
		{B1C25481-681E-4D29-86B0-81F8FE327E0B}.Debug|Any CPU.ActiveCfg = Debug|Any CPU
		{B1C25481-681E-4D29-86B0-81F8FE327E0B}.Debug|Any CPU.Build.0 = Debug|Any CPU
		{B1C25481-681E-4D29-86B0-81F8FE327E0B}.Debug|iPhone.ActiveCfg = Debug|Any CPU
		{B1C25481-681E-4D29-86B0-81F8FE327E0B}.Debug|iPhone.Build.0 = Debug|Any CPU
		{B1C25481-681E-4D29-86B0-81F8FE327E0B}.Debug|iPhoneSimulator.ActiveCfg = Debug|Any CPU
		{B1C25481-681E-4D29-86B0-81F8FE327E0B}.Debug|iPhoneSimulator.Build.0 = Debug|Any CPU
		{B1C25481-681E-4D29-86B0-81F8FE327E0B}.Debug|Mixed Platforms.ActiveCfg = Debug|Any CPU
		{B1C25481-681E-4D29-86B0-81F8FE327E0B}.Debug|Mixed Platforms.Build.0 = Debug|Any CPU
		{B1C25481-681E-4D29-86B0-81F8FE327E0B}.Debug|x86.ActiveCfg = Debug|Any CPU
		{B1C25481-681E-4D29-86B0-81F8FE327E0B}.Debug|x86.Build.0 = Debug|Any CPU
		{B1C25481-681E-4D29-86B0-81F8FE327E0B}.Release|Any CPU.ActiveCfg = Release|Any CPU
		{B1C25481-681E-4D29-86B0-81F8FE327E0B}.Release|Any CPU.Build.0 = Release|Any CPU
		{B1C25481-681E-4D29-86B0-81F8FE327E0B}.Release|iPhone.ActiveCfg = Release|Any CPU
		{B1C25481-681E-4D29-86B0-81F8FE327E0B}.Release|iPhone.Build.0 = Release|Any CPU
		{B1C25481-681E-4D29-86B0-81F8FE327E0B}.Release|iPhoneSimulator.ActiveCfg = Release|Any CPU
		{B1C25481-681E-4D29-86B0-81F8FE327E0B}.Release|iPhoneSimulator.Build.0 = Release|Any CPU
		{B1C25481-681E-4D29-86B0-81F8FE327E0B}.Release|Mixed Platforms.ActiveCfg = Release|Any CPU
		{B1C25481-681E-4D29-86B0-81F8FE327E0B}.Release|Mixed Platforms.Build.0 = Release|Any CPU
		{B1C25481-681E-4D29-86B0-81F8FE327E0B}.Release|x86.ActiveCfg = Release|Any CPU
		{B1C25481-681E-4D29-86B0-81F8FE327E0B}.Release|x86.Build.0 = Release|Any CPU
		{B7EE901B-1302-42C7-98D1-18666CB7D6DC}.Ad-Hoc|iPhone.ActiveCfg = Release|Any CPU
		{B7EE901B-1302-42C7-98D1-18666CB7D6DC}.Ad-Hoc|iPhone.Build.0 = Release|Any CPU
		{B7EE901B-1302-42C7-98D1-18666CB7D6DC}.AppStore|iPhone.ActiveCfg = Release|Any CPU
		{B7EE901B-1302-42C7-98D1-18666CB7D6DC}.AppStore|iPhone.Build.0 = Release|Any CPU
		{B7EE901B-1302-42C7-98D1-18666CB7D6DC}.Debug|Any CPU.ActiveCfg = Debug|Any CPU
		{B7EE901B-1302-42C7-98D1-18666CB7D6DC}.Debug|Any CPU.Build.0 = Debug|Any CPU
		{B7EE901B-1302-42C7-98D1-18666CB7D6DC}.Debug|iPhone.ActiveCfg = Debug|Any CPU
		{B7EE901B-1302-42C7-98D1-18666CB7D6DC}.Debug|iPhone.Build.0 = Debug|Any CPU
		{B7EE901B-1302-42C7-98D1-18666CB7D6DC}.Debug|iPhoneSimulator.ActiveCfg = Debug|Any CPU
		{B7EE901B-1302-42C7-98D1-18666CB7D6DC}.Debug|iPhoneSimulator.Build.0 = Debug|Any CPU
		{B7EE901B-1302-42C7-98D1-18666CB7D6DC}.Debug|Mixed Platforms.ActiveCfg = Debug|Any CPU
		{B7EE901B-1302-42C7-98D1-18666CB7D6DC}.Debug|Mixed Platforms.Build.0 = Debug|Any CPU
		{B7EE901B-1302-42C7-98D1-18666CB7D6DC}.Debug|x86.ActiveCfg = Debug|Any CPU
		{B7EE901B-1302-42C7-98D1-18666CB7D6DC}.Debug|x86.Build.0 = Debug|Any CPU
		{B7EE901B-1302-42C7-98D1-18666CB7D6DC}.Release|Any CPU.ActiveCfg = Release|Any CPU
		{B7EE901B-1302-42C7-98D1-18666CB7D6DC}.Release|Any CPU.Build.0 = Release|Any CPU
		{B7EE901B-1302-42C7-98D1-18666CB7D6DC}.Release|iPhone.ActiveCfg = Release|Any CPU
		{B7EE901B-1302-42C7-98D1-18666CB7D6DC}.Release|iPhone.Build.0 = Release|Any CPU
		{B7EE901B-1302-42C7-98D1-18666CB7D6DC}.Release|iPhoneSimulator.ActiveCfg = Release|Any CPU
		{B7EE901B-1302-42C7-98D1-18666CB7D6DC}.Release|iPhoneSimulator.Build.0 = Release|Any CPU
		{B7EE901B-1302-42C7-98D1-18666CB7D6DC}.Release|Mixed Platforms.ActiveCfg = Release|Any CPU
		{B7EE901B-1302-42C7-98D1-18666CB7D6DC}.Release|Mixed Platforms.Build.0 = Release|Any CPU
		{B7EE901B-1302-42C7-98D1-18666CB7D6DC}.Release|x86.ActiveCfg = Release|Any CPU
		{B7EE901B-1302-42C7-98D1-18666CB7D6DC}.Release|x86.Build.0 = Release|Any CPU
		{F7BA7D6E-2CFC-4297-99A8-9D02B37EC2A4}.Ad-Hoc|iPhone.ActiveCfg = Release|Any CPU
		{F7BA7D6E-2CFC-4297-99A8-9D02B37EC2A4}.Ad-Hoc|iPhone.Build.0 = Release|Any CPU
		{F7BA7D6E-2CFC-4297-99A8-9D02B37EC2A4}.AppStore|iPhone.ActiveCfg = Release|Any CPU
		{F7BA7D6E-2CFC-4297-99A8-9D02B37EC2A4}.AppStore|iPhone.Build.0 = Release|Any CPU
		{F7BA7D6E-2CFC-4297-99A8-9D02B37EC2A4}.Debug|Any CPU.ActiveCfg = Debug|Any CPU
		{F7BA7D6E-2CFC-4297-99A8-9D02B37EC2A4}.Debug|Any CPU.Build.0 = Debug|Any CPU
		{F7BA7D6E-2CFC-4297-99A8-9D02B37EC2A4}.Debug|iPhone.ActiveCfg = Debug|Any CPU
		{F7BA7D6E-2CFC-4297-99A8-9D02B37EC2A4}.Debug|iPhone.Build.0 = Debug|Any CPU
		{F7BA7D6E-2CFC-4297-99A8-9D02B37EC2A4}.Debug|iPhoneSimulator.ActiveCfg = Debug|Any CPU
		{F7BA7D6E-2CFC-4297-99A8-9D02B37EC2A4}.Debug|iPhoneSimulator.Build.0 = Debug|Any CPU
		{F7BA7D6E-2CFC-4297-99A8-9D02B37EC2A4}.Debug|Mixed Platforms.ActiveCfg = Debug|Any CPU
		{F7BA7D6E-2CFC-4297-99A8-9D02B37EC2A4}.Debug|Mixed Platforms.Build.0 = Debug|Any CPU
		{F7BA7D6E-2CFC-4297-99A8-9D02B37EC2A4}.Debug|x86.ActiveCfg = Debug|Any CPU
		{F7BA7D6E-2CFC-4297-99A8-9D02B37EC2A4}.Debug|x86.Build.0 = Debug|Any CPU
		{F7BA7D6E-2CFC-4297-99A8-9D02B37EC2A4}.Release|Any CPU.ActiveCfg = Release|Any CPU
		{F7BA7D6E-2CFC-4297-99A8-9D02B37EC2A4}.Release|Any CPU.Build.0 = Release|Any CPU
		{F7BA7D6E-2CFC-4297-99A8-9D02B37EC2A4}.Release|iPhone.ActiveCfg = Release|Any CPU
		{F7BA7D6E-2CFC-4297-99A8-9D02B37EC2A4}.Release|iPhone.Build.0 = Release|Any CPU
		{F7BA7D6E-2CFC-4297-99A8-9D02B37EC2A4}.Release|iPhoneSimulator.ActiveCfg = Release|Any CPU
		{F7BA7D6E-2CFC-4297-99A8-9D02B37EC2A4}.Release|iPhoneSimulator.Build.0 = Release|Any CPU
		{F7BA7D6E-2CFC-4297-99A8-9D02B37EC2A4}.Release|Mixed Platforms.ActiveCfg = Release|Any CPU
		{F7BA7D6E-2CFC-4297-99A8-9D02B37EC2A4}.Release|Mixed Platforms.Build.0 = Release|Any CPU
		{F7BA7D6E-2CFC-4297-99A8-9D02B37EC2A4}.Release|x86.ActiveCfg = Release|Any CPU
		{F7BA7D6E-2CFC-4297-99A8-9D02B37EC2A4}.Release|x86.Build.0 = Release|Any CPU
	EndGlobalSection
	GlobalSection(MonoDevelopProperties) = preSolution
		StartupItem = DDay.iCal.Test.Android\DDay.iCal.Test.Android.csproj
	EndGlobalSection
	GlobalSection(SolutionProperties) = preSolution
		HideSolutionNode = FALSE
	EndGlobalSection
EndGlobal
